
Microsoft Visual Studio Solution File, Format Version 12.00
# Visual Studio Version 16
VisualStudioVersion = 16.0.31624.102
MinimumVisualStudioVersion = 10.0.40219.1
Project("{FAE04EC0-301F-11D3-BF4B-00C04F79EFBC}") = "metodEiler", "ZadachiKashi\metodEiler.csproj", "{DA4A447E-4575-4023-B5AD-71FDDD858CEB}"
EndProject
Global
	GlobalSection(SolutionConfigurationPlatforms) = preSolution
		Debug|Any CPU = Debug|Any CPU
		Release|Any CPU = Release|Any CPU
	EndGlobalSection
	GlobalSection(ProjectConfigurationPlatforms) = postSolution
		{DA4A447E-4575-4023-B5AD-71FDDD858CEB}.Debug|Any CPU.ActiveCfg = Debug|Any CPU
		{DA4A447E-4575-4023-B5AD-71FDDD858CEB}.Debug|Any CPU.Build.0 = Debug|Any CPU
		{DA4A447E-4575-4023-B5AD-71FDDD858CEB}.Release|Any CPU.ActiveCfg = Release|Any CPU
		{DA4A447E-4575-4023-B5AD-71FDDD858CEB}.Release|Any CPU.Build.0 = Release|Any CPU
	EndGlobalSection
	GlobalSection(SolutionProperties) = preSolution
		HideSolutionNode = FALSE
	EndGlobalSection
	GlobalSection(ExtensibilityGlobals) = postSolution
		SolutionGuid = {D6B5DD41-1F5E-4FE5-9E91-59FD163413B6}
	EndGlobalSection
EndGlobal
